{
  "name": "generate_signature",
  "version": "1.0.0",
  "lockfileVersion": 2,
  "requires": true,
  "packages": {
    "": {
      "name": "generate_signature",
      "version": "1.0.0",
      "license": "ISC",
      "dependencies": {
        "dotenv": "^16.3.1",
        "ethers": "^5.0.18"
      }
    },
    "node_modules/@ethersproject/abi": {
      "version": "5.0.7",
      "resolved": "https://registry.npmjs.org/@ethersproject/abi/-/abi-5.0.7.tgz",
      "integrity": "sha512-Cqktk+hSIckwP/W8O47Eef60VwmoSC/L3lY0+dIBhQPCNn9E4V7rwmm2aFrNRRDJfFlGuZ1khkQUOc3oBX+niw==",
      "dependencies": {
        "@ethersproject/address": "^5.0.4",
        "@ethersproject/bignumber": "^5.0.7",
        "@ethersproject/bytes": "^5.0.4",
        "@ethersproject/constants": "^5.0.4",
        "@ethersproject/hash": "^5.0.4",
        "@ethersproject/keccak256": "^5.0.3",
        "@ethersproject/logger": "^5.0.5",
        "@ethersproject/properties": "^5.0.3",
        "@ethersproject/strings": "^5.0.4"
      }
    },
    "node_modules/@ethersproject/abstract-provider": {
      "version": "5.0.5",
      "resolved": "https://registry.npmjs.org/@ethersproject/abstract-provider/-/abstract-provider-5.0.5.tgz",
      "integrity": "sha512-i/CjElAkzV7vQBAeoz+IpjGfcFYEP9eD7j3fzZ0fzTq03DO7PPnR+xkEZ1IoDXGwDS+55aLM1xvLDwB/Lx6IOQ==",
      "dependencies": {
        "@ethersproject/bignumber": "^5.0.7",
        "@ethersproject/bytes": "^5.0.4",
        "@ethersproject/logger": "^5.0.5",
        "@ethersproject/networks": "^5.0.3",
        "@ethersproject/properties": "^5.0.3",
        "@ethersproject/transactions": "^5.0.5",
        "@ethersproject/web": "^5.0.6"
      }
    },
    "node_modules/@ethersproject/abstract-signer": {
      "version": "5.0.7",
      "resolved": "https://registry.npmjs.org/@ethersproject/abstract-signer/-/abstract-signer-5.0.7.tgz",
      "integrity": "sha512-8W8gy/QutEL60EoMEpvxZ8MFAEWs/JvH5nmZ6xeLXoZvmBCasGmxqHdYjo2cxg0nevkPkq9SeenSsBBZSCx+SQ==",
      "dependencies": {
        "@ethersproject/abstract-provider": "^5.0.4",
        "@ethersproject/bignumber": "^5.0.7",
        "@ethersproject/bytes": "^5.0.4",
        "@ethersproject/logger": "^5.0.5",
        "@ethersproject/properties": "^5.0.3"
      }
    },
    "node_modules/@ethersproject/address": {
      "version": "5.0.5",
      "resolved": "https://registry.npmjs.org/@ethersproject/address/-/address-5.0.5.tgz",
      "integrity": "sha512-DpkQ6rwk9jTefrRsJzEm6nhRiJd9pvhn1xN0rw5N/jswXG5r7BLk/GVA0mMAVWAsYfvi2xSc5L41FMox43RYEA==",
      "dependencies": {
        "@ethersproject/bignumber": "^5.0.7",
        "@ethersproject/bytes": "^5.0.4",
        "@ethersproject/keccak256": "^5.0.3",
        "@ethersproject/logger": "^5.0.5",
        "@ethersproject/rlp": "^5.0.3",
        "bn.js": "^4.4.0"
      }
    },
    "node_modules/@ethersproject/base64": {
      "version": "5.0.4",
      "resolved": "https://registry.npmjs.org/@ethersproject/base64/-/base64-5.0.4.tgz",
      "integrity": "sha512-4KRykQ7BQMeOXfvio1YITwHjxwBzh92UoXIdzxDE1p53CK28bbHPdsPNYo0wl0El7lJAMpT2SOdL0hhbWRnyIA==",
      "dependencies": {
        "@ethersproject/bytes": "^5.0.4"
      }
    },
    "node_modules/@ethersproject/basex": {
      "version": "5.0.4",
      "resolved": "https://registry.npmjs.org/@ethersproject/basex/-/basex-5.0.4.tgz",
      "integrity": "sha512-ixIr/kKiAoSzOnSc777AGIOAhKai5Ivqr4HO/Gz+YG+xkfv6kqD6AW4ga9vM20Wwb0QBhh3LoRWTu4V1K+x9Ew==",
      "dependencies": {
        "@ethersproject/bytes": "^5.0.4",
        "@ethersproject/properties": "^5.0.3"
      }
    },
    "node_modules/@ethersproject/bignumber": {
      "version": "5.0.8",
      "resolved": "https://registry.npmjs.org/@ethersproject/bignumber/-/bignumber-5.0.8.tgz",
      "integrity": "sha512-KXFVAFKS1jdTXYN8BE5Oj+ZfPMh28iRdFeNGBVT6cUFdtiPVqeXqc0ggvBqA3A1VoFFGgM7oAeaagA393aORHA==",
      "dependencies": {
        "@ethersproject/bytes": "^5.0.4",
        "@ethersproject/logger": "^5.0.5",
        "bn.js": "^4.4.0"
      }
    },
    "node_modules/@ethersproject/bytes": {
      "version": "5.0.5",
      "resolved": "https://registry.npmjs.org/@ethersproject/bytes/-/bytes-5.0.5.tgz",
      "integrity": "sha512-IEj9HpZB+ACS6cZ+QQMTqmu/cnUK2fYNE6ms/PVxjoBjoxc6HCraLpam1KuRvreMy0i523PLmjN8OYeikRdcUQ==",
      "dependencies": {
        "@ethersproject/logger": "^5.0.5"
      }
    },
    "node_modules/@ethersproject/constants": {
      "version": "5.0.5",
      "resolved": "https://registry.npmjs.org/@ethersproject/constants/-/constants-5.0.5.tgz",
      "integrity": "sha512-foaQVmxp2+ik9FrLUCtVrLZCj4M3Ibgkqvh+Xw/vFRSerkjVSYePApaVE5essxhoSlF1U9oXfWY09QI2AXtgKA==",
      "dependencies": {
        "@ethersproject/bignumber": "^5.0.7"
      }
    },
    "node_modules/@ethersproject/contracts": {
      "version": "5.0.5",
      "resolved": "https://registry.npmjs.org/@ethersproject/contracts/-/contracts-5.0.5.tgz",
      "integrity": "sha512-tFI255lFbmbqMkgnuyhDWHl3yWqttPlReplYuVvDCT/SuvBjLR4ad2uipBlh1fh5X1ipK9ettAoV4S0HKim4Kw==",
      "dependencies": {
        "@ethersproject/abi": "^5.0.5",
        "@ethersproject/abstract-provider": "^5.0.4",
        "@ethersproject/abstract-signer": "^5.0.4",
        "@ethersproject/address": "^5.0.4",
        "@ethersproject/bignumber": "^5.0.7",
        "@ethersproject/bytes": "^5.0.4",
        "@ethersproject/constants": "^5.0.4",
        "@ethersproject/logger": "^5.0.5",
        "@ethersproject/properties": "^5.0.3"
      }
    },
    "node_modules/@ethersproject/hash": {
      "version": "5.0.6",
      "resolved": "https://registry.npmjs.org/@ethersproject/hash/-/hash-5.0.6.tgz",
      "integrity": "sha512-Gvh57v6BWhwnud6l7tMfQm32PRQ2DYx2WaAAQmAxAfYvmzUkpQCBstnGeNMXIL8/2wdkvcB2u+WZRWaZtsFuUQ==",
      "dependencies": {
        "@ethersproject/abstract-signer": "^5.0.6",
        "@ethersproject/address": "^5.0.5",
        "@ethersproject/bignumber": "^5.0.8",
        "@ethersproject/bytes": "^5.0.4",
        "@ethersproject/keccak256": "^5.0.3",
        "@ethersproject/logger": "^5.0.5",
        "@ethersproject/properties": "^5.0.4",
        "@ethersproject/strings": "^5.0.4"
      }
    },
    "node_modules/@ethersproject/hdnode": {
      "version": "5.0.5",
      "resolved": "https://registry.npmjs.org/@ethersproject/hdnode/-/hdnode-5.0.5.tgz",
      "integrity": "sha512-Ho4HZaK+KijE5adayvjAGusWMnT0mgwGa5hGMBofBOgX9nqiKf6Wxx68SXBGI1/L3rmKo6mlAjxUd8gefs0teQ==",
      "dependencies": {
        "@ethersproject/abstract-signer": "^5.0.4",
        "@ethersproject/basex": "^5.0.3",
        "@ethersproject/bignumber": "^5.0.7",
        "@ethersproject/bytes": "^5.0.4",
        "@ethersproject/logger": "^5.0.5",
        "@ethersproject/pbkdf2": "^5.0.3",
        "@ethersproject/properties": "^5.0.3",
        "@ethersproject/sha2": "^5.0.3",
        "@ethersproject/signing-key": "^5.0.4",
        "@ethersproject/strings": "^5.0.4",
        "@ethersproject/transactions": "^5.0.5",
        "@ethersproject/wordlists": "^5.0.4"
      }
    },
    "node_modules/@ethersproject/json-wallets": {
      "version": "5.0.7",
      "resolved": "https://registry.npmjs.org/@ethersproject/json-wallets/-/json-wallets-5.0.7.tgz",
      "integrity": "sha512-dgOn9JtGgjT28mDXs4LYY2rT4CzS6bG/rxoYuPq3TLHIf6nmvBcr33Fee6RrM/y8UAx4gyIkf6wb2cXsOctvQQ==",
      "dependencies": {
        "@ethersproject/abstract-signer": "^5.0.4",
        "@ethersproject/address": "^5.0.4",
        "@ethersproject/bytes": "^5.0.4",
        "@ethersproject/hdnode": "^5.0.4",
        "@ethersproject/keccak256": "^5.0.3",
        "@ethersproject/logger": "^5.0.5",
        "@ethersproject/pbkdf2": "^5.0.3",
        "@ethersproject/properties": "^5.0.3",
        "@ethersproject/random": "^5.0.3",
        "@ethersproject/strings": "^5.0.4",
        "@ethersproject/transactions": "^5.0.5",
        "aes-js": "3.0.0",
        "scrypt-js": "3.0.1"
      }
    },
    "node_modules/@ethersproject/keccak256": {
      "version": "5.0.4",
      "resolved": "https://registry.npmjs.org/@ethersproject/keccak256/-/keccak256-5.0.4.tgz",
      "integrity": "sha512-GNpiOUm9PGUxFNqOxYKDQBM0u68bG9XC9iOulEQ8I0tOx/4qUpgVzvgXL6ugxr0RY554Gz/NQsVqknqPzUcxpQ==",
      "dependencies": {
        "@ethersproject/bytes": "^5.0.4",
        "js-sha3": "0.5.7"
      }
    },
    "node_modules/@ethersproject/logger": {
      "version": "5.0.6",
      "resolved": "https://registry.npmjs.org/@ethersproject/logger/-/logger-5.0.6.tgz",
      "integrity": "sha512-FrX0Vnb3JZ1md/7GIZfmJ06XOAA8r3q9Uqt9O5orr4ZiksnbpXKlyDzQtlZ5Yv18RS8CAUbiKH9vwidJg1BPmQ=="
    },
    "node_modules/@ethersproject/networks": {
      "version": "5.0.4",
      "resolved": "https://registry.npmjs.org/@ethersproject/networks/-/networks-5.0.4.tgz",
      "integrity": "sha512-/wHDTRms5mpJ09BoDrbNdFWINzONe05wZRgohCXvEv39rrH/Gd/yAnct8wC0RsW3tmFOgjgQxuBvypIxuUynTw==",
      "dependencies": {
        "@ethersproject/logger": "^5.0.5"
      }
    },
    "node_modules/@ethersproject/pbkdf2": {
      "version": "5.0.4",
      "resolved": "https://registry.npmjs.org/@ethersproject/pbkdf2/-/pbkdf2-5.0.4.tgz",
      "integrity": "sha512-9jVBjHXQKfr9+3bkCg01a8Cd1H9e+7Kw3ZMIvAxD0lZtuzrXsJxm1hVwY9KA+PRUvgS/9tTP4viXQYwLAax7zg==",
      "dependencies": {
        "@ethersproject/bytes": "^5.0.4",
        "@ethersproject/sha2": "^5.0.3"
      }
    },
    "node_modules/@ethersproject/properties": {
      "version": "5.0.4",
      "resolved": "https://registry.npmjs.org/@ethersproject/properties/-/properties-5.0.4.tgz",
      "integrity": "sha512-UdyX3GqBxFt15B0uSESdDNmhvEbK3ACdDXl2soshoPcneXuTswHDeA0LoPlnaZzhbgk4p6jqb4GMms5C26Qu6A==",
      "dependencies": {
        "@ethersproject/logger": "^5.0.5"
      }
    },
    "node_modules/@ethersproject/providers": {
      "version": "5.0.13",
      "resolved": "https://registry.npmjs.org/@ethersproject/providers/-/providers-5.0.13.tgz",
      "integrity": "sha512-5jsuk1FwXxmoQApGs8LSQyS43KP01pHA+6cQ1OPov5pT5Pcqe6ffh6UD1//BZ9Vjf+5e9AQqIk8w7FkGyROuCA==",
      "dependencies": {
        "@ethersproject/abstract-provider": "^5.0.4",
        "@ethersproject/abstract-signer": "^5.0.4",
        "@ethersproject/address": "^5.0.4",
        "@ethersproject/basex": "^5.0.3",
        "@ethersproject/bignumber": "^5.0.7",
        "@ethersproject/bytes": "^5.0.4",
        "@ethersproject/constants": "^5.0.4",
        "@ethersproject/hash": "^5.0.4",
        "@ethersproject/logger": "^5.0.5",
        "@ethersproject/networks": "^5.0.3",
        "@ethersproject/properties": "^5.0.3",
        "@ethersproject/random": "^5.0.3",
        "@ethersproject/rlp": "^5.0.3",
        "@ethersproject/sha2": "^5.0.3",
        "@ethersproject/strings": "^5.0.4",
        "@ethersproject/transactions": "^5.0.5",
        "@ethersproject/web": "^5.0.6",
        "bech32": "1.1.4",
        "ws": "7.2.3"
      }
    },
    "node_modules/@ethersproject/random": {
      "version": "5.0.4",
      "resolved": "https://registry.npmjs.org/@ethersproject/random/-/random-5.0.4.tgz",
      "integrity": "sha512-AIZJhqs6Ba4/+U3lOjt3QZbP6b/kuuGLJUYFUonAgWmkTHwqsCwYnFvnHKQSUuHbXHvErp7WFXFlztx+yMn3kQ==",
      "dependencies": {
        "@ethersproject/bytes": "^5.0.4",
        "@ethersproject/logger": "^5.0.5"
      }
    },
    "node_modules/@ethersproject/rlp": {
      "version": "5.0.4",
      "resolved": "https://registry.npmjs.org/@ethersproject/rlp/-/rlp-5.0.4.tgz",
      "integrity": "sha512-5qrrZad7VTjofxSsm7Zg/7Dr4ZOln4S2CqiDdOuTv6MBKnXj0CiBojXyuDy52M8O3wxH0CyE924hXWTDV1PQWQ==",
      "dependencies": {
        "@ethersproject/bytes": "^5.0.4",
        "@ethersproject/logger": "^5.0.5"
      }
    },
    "node_modules/@ethersproject/sha2": {
      "version": "5.0.4",
      "resolved": "https://registry.npmjs.org/@ethersproject/sha2/-/sha2-5.0.4.tgz",
      "integrity": "sha512-0yFhf1mspxAfWdXXoPtK94adUeu1R7/FzAa+DfEiZTc76sz/vHXf0LSIazoR3znYKFny6haBxME+usbvvEcF3A==",
      "dependencies": {
        "@ethersproject/bytes": "^5.0.4",
        "@ethersproject/logger": "^5.0.5",
        "hash.js": "1.1.3"
      }
    },
    "node_modules/@ethersproject/signing-key": {
      "version": "5.0.5",
      "resolved": "https://registry.npmjs.org/@ethersproject/signing-key/-/signing-key-5.0.5.tgz",
      "integrity": "sha512-Z1wY7JC1HVO4CvQWY2TyTTuAr8xK3bJijZw1a9G92JEmKdv1j255R/0YLBBcFTl2J65LUjtXynNJ2GbArPGi5g==",
      "dependencies": {
        "@ethersproject/bytes": "^5.0.4",
        "@ethersproject/logger": "^5.0.5",
        "@ethersproject/properties": "^5.0.3",
        "elliptic": "6.5.3"
      }
    },
    "node_modules/@ethersproject/solidity": {
      "version": "5.0.5",
      "resolved": "https://registry.npmjs.org/@ethersproject/solidity/-/solidity-5.0.5.tgz",
      "integrity": "sha512-DMFQ0ouXmNVoKWbGEUFGi8Urli4SJip9jXafQyFHWPRr5oJUqDVkNfwcyC37k+mhBG93k7qrYXCH2xJnGEOxHg==",
      "dependencies": {
        "@ethersproject/bignumber": "^5.0.7",
        "@ethersproject/bytes": "^5.0.4",
        "@ethersproject/keccak256": "^5.0.3",
        "@ethersproject/sha2": "^5.0.3",
        "@ethersproject/strings": "^5.0.4"
      }
    },
    "node_modules/@ethersproject/strings": {
      "version": "5.0.5",
      "resolved": "https://registry.npmjs.org/@ethersproject/strings/-/strings-5.0.5.tgz",
      "integrity": "sha512-JED6WaIV00xM/gvj8vSnd+0VWtDYdidTmavFRCTQakqfz+4tDo6Jz5LHgG+dd45h7ah7ykCHW0C7ZXWEDROCXQ==",
      "dependencies": {
        "@ethersproject/bytes": "^5.0.4",
        "@ethersproject/constants": "^5.0.4",
        "@ethersproject/logger": "^5.0.5"
      }
    },
    "node_modules/@ethersproject/transactions": {
      "version": "5.0.6",
      "resolved": "https://registry.npmjs.org/@ethersproject/transactions/-/transactions-5.0.6.tgz",
      "integrity": "sha512-htsFhOD+NMBxx676A8ehSuwVV49iqpSB+CkjPZ02tpNew0K6p8g0CZ46Z1ZP946gIHAU80xQ0NACHYrjIUaCFA==",
      "dependencies": {
        "@ethersproject/address": "^5.0.4",
        "@ethersproject/bignumber": "^5.0.7",
        "@ethersproject/bytes": "^5.0.4",
        "@ethersproject/constants": "^5.0.4",
        "@ethersproject/keccak256": "^5.0.3",
        "@ethersproject/logger": "^5.0.5",
        "@ethersproject/properties": "^5.0.3",
        "@ethersproject/rlp": "^5.0.3",
        "@ethersproject/signing-key": "^5.0.4"
      }
    },
    "node_modules/@ethersproject/units": {
      "version": "5.0.6",
      "resolved": "https://registry.npmjs.org/@ethersproject/units/-/units-5.0.6.tgz",
      "integrity": "sha512-tsJuy4mipppdmooukRfhXt8fGx9nxvfvG6Xdy0RDm7LzHsjghjwQ69m2bCpId6SDSR1Uq1cQ9irPiUBSyWolUA==",
      "dependencies": {
        "@ethersproject/bignumber": "^5.0.7",
        "@ethersproject/constants": "^5.0.4",
        "@ethersproject/logger": "^5.0.5"
      }
    },
    "node_modules/@ethersproject/wallet": {
      "version": "5.0.6",
      "resolved": "https://registry.npmjs.org/@ethersproject/wallet/-/wallet-5.0.6.tgz",
      "integrity": "sha512-dRqx3+Degc5pvjaeeTHuk2EuTRM3b6ce/TiV0HRZhRXYnKyyjg0iYXEZo/b6p3rnV+Xhwxkc0+I/ISPkNpictA==",
      "dependencies": {
        "@ethersproject/abstract-provider": "^5.0.4",
        "@ethersproject/abstract-signer": "^5.0.4",
        "@ethersproject/address": "^5.0.4",
        "@ethersproject/bignumber": "^5.0.7",
        "@ethersproject/bytes": "^5.0.4",
        "@ethersproject/hash": "^5.0.4",
        "@ethersproject/hdnode": "^5.0.4",
        "@ethersproject/json-wallets": "^5.0.6",
        "@ethersproject/keccak256": "^5.0.3",
        "@ethersproject/logger": "^5.0.5",
        "@ethersproject/properties": "^5.0.3",
        "@ethersproject/random": "^5.0.3",
        "@ethersproject/signing-key": "^5.0.4",
        "@ethersproject/transactions": "^5.0.5",
        "@ethersproject/wordlists": "^5.0.4"
      }
    },
    "node_modules/@ethersproject/web": {
      "version": "5.0.9",
      "resolved": "https://registry.npmjs.org/@ethersproject/web/-/web-5.0.9.tgz",
      "integrity": "sha512-//QNlv1MSkOII1hv3+HQwWoiVFS+BMVGI0KYeUww4cyrEktnx1QIez5bTSab9s9fWTFaWKNmQNBwMbxAqPuYDw==",
      "dependencies": {
        "@ethersproject/base64": "^5.0.3",
        "@ethersproject/bytes": "^5.0.4",
        "@ethersproject/logger": "^5.0.5",
        "@ethersproject/properties": "^5.0.3",
        "@ethersproject/strings": "^5.0.4"
      }
    },
    "node_modules/@ethersproject/wordlists": {
      "version": "5.0.5",
      "resolved": "https://registry.npmjs.org/@ethersproject/wordlists/-/wordlists-5.0.5.tgz",
      "integrity": "sha512-XA3ycFltVrCTQt04w5nHu3Xq5Z6HjqWsXaAYQHFdqtugyUsIumaO9S5MOwFFuUYTNkZUoT3jCRa/OBS+K4tLfA==",
      "dependencies": {
        "@ethersproject/bytes": "^5.0.4",
        "@ethersproject/hash": "^5.0.4",
        "@ethersproject/logger": "^5.0.5",
        "@ethersproject/properties": "^5.0.3",
        "@ethersproject/strings": "^5.0.4"
      }
    },
    "node_modules/aes-js": {
      "version": "3.0.0",
      "resolved": "https://registry.npmjs.org/aes-js/-/aes-js-3.0.0.tgz",
      "integrity": "sha512-H7wUZRn8WpTq9jocdxQ2c8x2sKo9ZVmzfRE13GiNJXfp7NcKYEdvl3vspKjXox6RIG2VtaRe4JFvxG4rqp2Zuw=="
    },
    "node_modules/bech32": {
      "version": "1.1.4",
      "resolved": "https://registry.npmjs.org/bech32/-/bech32-1.1.4.tgz",
      "integrity": "sha512-s0IrSOzLlbvX7yp4WBfPITzpAU8sqQcpsmwXDiKwrG4r491vwCO/XpejasRNl0piBMe/DvP4Tz0mIS/X1DPJBQ=="
    },
    "node_modules/bn.js": {
      "version": "4.12.0",
      "resolved": "https://registry.npmjs.org/bn.js/-/bn.js-4.12.0.tgz",
      "integrity": "sha512-c98Bf3tPniI+scsdk237ku1Dc3ujXQTSgyiPUDEOe7tRkhrqridvh8klBv0HCEso1OLOYcHuCv/cS6DNxKH+ZA=="
    },
    "node_modules/brorand": {
      "version": "1.1.0",
      "resolved": "https://registry.npmjs.org/brorand/-/brorand-1.1.0.tgz",
      "integrity": "sha512-cKV8tMCEpQs4hK/ik71d6LrPOnpkpGBR0wzxqr68g2m/LB2GxVYQroAjMJZRVM1Y4BCjCKc3vAamxSzOY2RP+w=="
    },
    "node_modules/dotenv": {
      "version": "16.3.1",
      "resolved": "https://registry.npmjs.org/dotenv/-/dotenv-16.3.1.tgz",
      "integrity": "sha512-IPzF4w4/Rd94bA9imS68tZBaYyBWSCE47V1RGuMrB94iyTOIEwRmVL2x/4An+6mETpLrKJ5hQkB8W4kFAadeIQ==",
      "engines": {
        "node": ">=12"
      },
      "funding": {
        "url": "https://github.com/motdotla/dotenv?sponsor=1"
      }
    },
    "node_modules/elliptic": {
      "version": "6.5.3",
      "resolved": "https://registry.npmjs.org/elliptic/-/elliptic-6.5.3.tgz",
      "integrity": "sha512-IMqzv5wNQf+E6aHeIqATs0tOLeOTwj1QKbRcS3jBbYkl5oLAserA8yJTT7/VyHUYG91PRmPyeQDObKLPpeS4dw==",
      "dependencies": {
        "bn.js": "^4.4.0",
        "brorand": "^1.0.1",
        "hash.js": "^1.0.0",
        "hmac-drbg": "^1.0.0",
        "inherits": "^2.0.1",
        "minimalistic-assert": "^1.0.0",
        "minimalistic-crypto-utils": "^1.0.0"
      }
    },
    "node_modules/ethers": {
      "version": "5.0.18",
      "resolved": "https://registry.npmjs.org/ethers/-/ethers-5.0.18.tgz",
      "integrity": "sha512-WCiKGfAt09hBS1HZspu+JTgeunFcUCVRhCXO8X+VadBJGTRlG722XXib79Vz2oyBperz90CcjkBPdNly61Ah4A==",
      "dependencies": {
        "@ethersproject/abi": "5.0.7",
        "@ethersproject/abstract-provider": "5.0.5",
        "@ethersproject/abstract-signer": "5.0.7",
        "@ethersproject/address": "5.0.5",
        "@ethersproject/base64": "5.0.4",
        "@ethersproject/basex": "5.0.4",
        "@ethersproject/bignumber": "5.0.8",
        "@ethersproject/bytes": "5.0.5",
        "@ethersproject/constants": "5.0.5",
        "@ethersproject/contracts": "5.0.5",
        "@ethersproject/hash": "5.0.6",
        "@ethersproject/hdnode": "5.0.5",
        "@ethersproject/json-wallets": "5.0.7",
        "@ethersproject/keccak256": "5.0.4",
        "@ethersproject/logger": "5.0.6",
        "@ethersproject/networks": "5.0.4",
        "@ethersproject/pbkdf2": "5.0.4",
        "@ethersproject/properties": "5.0.4",
        "@ethersproject/providers": "5.0.13",
        "@ethersproject/random": "5.0.4",
        "@ethersproject/rlp": "5.0.4",
        "@ethersproject/sha2": "5.0.4",
        "@ethersproject/signing-key": "5.0.5",
        "@ethersproject/solidity": "5.0.5",
        "@ethersproject/strings": "5.0.5",
        "@ethersproject/transactions": "5.0.6",
        "@ethersproject/units": "5.0.6",
        "@ethersproject/wallet": "5.0.6",
        "@ethersproject/web": "5.0.9",
        "@ethersproject/wordlists": "5.0.5"
      }
    },
    "node_modules/hash.js": {
      "version": "1.1.3",
      "resolved": "https://registry.npmjs.org/hash.js/-/hash.js-1.1.3.tgz",
      "integrity": "sha512-/UETyP0W22QILqS+6HowevwhEFJ3MBJnwTf75Qob9Wz9t0DPuisL8kW8YZMK62dHAKE1c1p+gY1TtOLY+USEHA==",
      "dependencies": {
        "inherits": "^2.0.3",
        "minimalistic-assert": "^1.0.0"
      }
    },
    "node_modules/hmac-drbg": {
      "version": "1.0.1",
      "resolved": "https://registry.npmjs.org/hmac-drbg/-/hmac-drbg-1.0.1.tgz",
      "integrity": "sha512-Tti3gMqLdZfhOQY1Mzf/AanLiqh1WTiJgEj26ZuYQ9fbkLomzGchCws4FyrSd4VkpBfiNhaE1On+lOz894jvXg==",
      "dependencies": {
        "hash.js": "^1.0.3",
        "minimalistic-assert": "^1.0.0",
        "minimalistic-crypto-utils": "^1.0.1"
      }
    },
    "node_modules/inherits": {
      "version": "2.0.4",
      "resolved": "https://registry.npmjs.org/inherits/-/inherits-2.0.4.tgz",
      "integrity": "sha512-k/vGaX4/Yla3WzyMCvTQOXYeIHvqOKtnqBduzTHpzpQZzAskKMhZ2K+EnBiSM9zGSoIFeMpXKxa4dYeZIQqewQ=="
    },
    "node_modules/js-sha3": {
      "version": "0.5.7",
      "resolved": "https://registry.npmjs.org/js-sha3/-/js-sha3-0.5.7.tgz",
      "integrity": "sha512-GII20kjaPX0zJ8wzkTbNDYMY7msuZcTWk8S5UOh6806Jq/wz1J8/bnr8uGU0DAUmYDjj2Mr4X1cW8v/GLYnR+g=="
    },
    "node_modules/minimalistic-assert": {
      "version": "1.0.1",
      "resolved": "https://registry.npmjs.org/minimalistic-assert/-/minimalistic-assert-1.0.1.tgz",
      "integrity": "sha512-UtJcAD4yEaGtjPezWuO9wC4nwUnVH/8/Im3yEHQP4b67cXlD/Qr9hdITCU1xDbSEXg2XKNaP8jsReV7vQd00/A=="
    },
    "node_modules/minimalistic-crypto-utils": {
      "version": "1.0.1",
      "resolved": "https://registry.npmjs.org/minimalistic-crypto-utils/-/minimalistic-crypto-utils-1.0.1.tgz",
      "integrity": "sha512-JIYlbt6g8i5jKfJ3xz7rF0LXmv2TkDxBLUkiBeZ7bAx4GnnNMr8xFpGnOxn6GhTEHx3SjRrZEoU+j04prX1ktg=="
    },
    "node_modules/scrypt-js": {
      "version": "3.0.1",
      "resolved": "https://registry.npmjs.org/scrypt-js/-/scrypt-js-3.0.1.tgz",
      "integrity": "sha512-cdwTTnqPu0Hyvf5in5asVdZocVDTNRmR7XEcJuIzMjJeSHybHl7vpB66AzwTaIg6CLSbtjcxc8fqcySfnTkccA=="
    },
    "node_modules/ws": {
      "version": "7.2.3",
      "resolved": "https://registry.npmjs.org/ws/-/ws-7.2.3.tgz",
      "integrity": "sha512-HTDl9G9hbkNDk98naoR/cHDws7+EyYMOdL1BmjsZXRUjf7d+MficC4B7HLUPlSiho0vg+CWKrGIt/VJBd1xunQ==",
      "engines": {
        "node": ">=8.3.0"
      },
      "peerDependencies": {
        "bufferutil": "^4.0.1",
        "utf-8-validate": "^5.0.2"
      },
      "peerDependenciesMeta": {
        "bufferutil": {
          "optional": true
        },
        "utf-8-validate": {
          "optional": true
        }
      }
    }
  },
  "dependencies": {
    "@ethersproject/abi": {
      "version": "5.0.7",
      "resolved": "https://registry.npmjs.org/@ethersproject/abi/-/abi-5.0.7.tgz",
      "integrity": "sha512-Cqktk+hSIckwP/W8O47Eef60VwmoSC/L3lY0+dIBhQPCNn9E4V7rwmm2aFrNRRDJfFlGuZ1khkQUOc3oBX+niw==",
      "requires": {
        "@ethersproject/address": "^5.0.4",
        "@ethersproject/bignumber": "^5.0.7",
        "@ethersproject/bytes": "^5.0.4",
        "@ethersproject/constants": "^5.0.4",
        "@ethersproject/hash": "^5.0.4",
        "@ethersproject/keccak256": "^5.0.3",
        "@ethersproject/logger": "^5.0.5",
        "@ethersproject/properties": "^5.0.3",
        "@ethersproject/strings": "^5.0.4"
      }
    },
    "@ethersproject/abstract-provider": {
      "version": "5.0.5",
      "resolved": "https://registry.npmjs.org/@ethersproject/abstract-provider/-/abstract-provider-5.0.5.tgz",
      "integrity": "sha512-i/CjElAkzV7vQBAeoz+IpjGfcFYEP9eD7j3fzZ0fzTq03DO7PPnR+xkEZ1IoDXGwDS+55aLM1xvLDwB/Lx6IOQ==",
      "requires": {
        "@ethersproject/bignumber": "^5.0.7",
        "@ethersproject/bytes": "^5.0.4",
        "@ethersproject/logger": "^5.0.5",
        "@ethersproject/networks": "^5.0.3",
        "@ethersproject/properties": "^5.0.3",
        "@ethersproject/transactions": "^5.0.5",
        "@ethersproject/web": "^5.0.6"
      }
    },
    "@ethersproject/abstract-signer": {
      "version": "5.0.7",
      "resolved": "https://registry.npmjs.org/@ethersproject/abstract-signer/-/abstract-signer-5.0.7.tgz",
      "integrity": "sha512-8W8gy/QutEL60EoMEpvxZ8MFAEWs/JvH5nmZ6xeLXoZvmBCasGmxqHdYjo2cxg0nevkPkq9SeenSsBBZSCx+SQ==",
      "requires": {
        "@ethersproject/abstract-provider": "^5.0.4",
        "@ethersproject/bignumber": "^5.0.7",
        "@ethersproject/bytes": "^5.0.4",
        "@ethersproject/logger": "^5.0.5",
        "@ethersproject/properties": "^5.0.3"
      }
    },
    "@ethersproject/address": {
      "version": "5.0.5",
      "resolved": "https://registry.npmjs.org/@ethersproject/address/-/address-5.0.5.tgz",
      "integrity": "sha512-DpkQ6rwk9jTefrRsJzEm6nhRiJd9pvhn1xN0rw5N/jswXG5r7BLk/GVA0mMAVWAsYfvi2xSc5L41FMox43RYEA==",
      "requires": {
        "@ethersproject/bignumber": "^5.0.7",
        "@ethersproject/bytes": "^5.0.4",
        "@ethersproject/keccak256": "^5.0.3",
        "@ethersproject/logger": "^5.0.5",
        "@ethersproject/rlp": "^5.0.3",
        "bn.js": "^4.4.0"
      }
    },
    "@ethersproject/base64": {
      "version": "5.0.4",
      "resolved": "https://registry.npmjs.org/@ethersproject/base64/-/base64-5.0.4.tgz",
      "integrity": "sha512-4KRykQ7BQMeOXfvio1YITwHjxwBzh92UoXIdzxDE1p53CK28bbHPdsPNYo0wl0El7lJAMpT2SOdL0hhbWRnyIA==",
      "requires": {
        "@ethersproject/bytes": "^5.0.4"
      }
    },
    "@ethersproject/basex": {
      "version": "5.0.4",
      "resolved": "https://registry.npmjs.org/@ethersproject/basex/-/basex-5.0.4.tgz",
      "integrity": "sha512-ixIr/kKiAoSzOnSc777AGIOAhKai5Ivqr4HO/Gz+YG+xkfv6kqD6AW4ga9vM20Wwb0QBhh3LoRWTu4V1K+x9Ew==",
      "requires": {
        "@ethersproject/bytes": "^5.0.4",
        "@ethersproject/properties": "^5.0.3"
      }
    },
    "@ethersproject/bignumber": {
      "version": "5.0.8",
      "resolved": "https://registry.npmjs.org/@ethersproject/bignumber/-/bignumber-5.0.8.tgz",
      "integrity": "sha512-KXFVAFKS1jdTXYN8BE5Oj+ZfPMh28iRdFeNGBVT6cUFdtiPVqeXqc0ggvBqA3A1VoFFGgM7oAeaagA393aORHA==",
      "requires": {
        "@ethersproject/bytes": "^5.0.4",
        "@ethersproject/logger": "^5.0.5",
        "bn.js": "^4.4.0"
      }
    },
    "@ethersproject/bytes": {
      "version": "5.0.5",
      "resolved": "https://registry.npmjs.org/@ethersproject/bytes/-/bytes-5.0.5.tgz",
      "integrity": "sha512-IEj9HpZB+ACS6cZ+QQMTqmu/cnUK2fYNE6ms/PVxjoBjoxc6HCraLpam1KuRvreMy0i523PLmjN8OYeikRdcUQ==",
      "requires": {
        "@ethersproject/logger": "^5.0.5"
      }
    },
    "@ethersproject/constants": {
      "version": "5.0.5",
      "resolved": "https://registry.npmjs.org/@ethersproject/constants/-/constants-5.0.5.tgz",
      "integrity": "sha512-foaQVmxp2+ik9FrLUCtVrLZCj4M3Ibgkqvh+Xw/vFRSerkjVSYePApaVE5essxhoSlF1U9oXfWY09QI2AXtgKA==",
      "requires": {
        "@ethersproject/bignumber": "^5.0.7"
      }
    },
    "@ethersproject/contracts": {
      "version": "5.0.5",
      "resolved": "https://registry.npmjs.org/@ethersproject/contracts/-/contracts-5.0.5.tgz",
      "integrity": "sha512-tFI255lFbmbqMkgnuyhDWHl3yWqttPlReplYuVvDCT/SuvBjLR4ad2uipBlh1fh5X1ipK9ettAoV4S0HKim4Kw==",
      "requires": {
        "@ethersproject/abi": "^5.0.5",
        "@ethersproject/abstract-provider": "^5.0.4",
        "@ethersproject/abstract-signer": "^5.0.4",
        "@ethersproject/address": "^5.0.4",
        "@ethersproject/bignumber": "^5.0.7",
        "@ethersproject/bytes": "^5.0.4",
        "@ethersproject/constants": "^5.0.4",
        "@ethersproject/logger": "^5.0.5",
        "@ethersproject/properties": "^5.0.3"
      }
    },
    "@ethersproject/hash": {
      "version": "5.0.6",
      "resolved": "https://registry.npmjs.org/@ethersproject/hash/-/hash-5.0.6.tgz",
      "integrity": "sha512-Gvh57v6BWhwnud6l7tMfQm32PRQ2DYx2WaAAQmAxAfYvmzUkpQCBstnGeNMXIL8/2wdkvcB2u+WZRWaZtsFuUQ==",
      "requires": {
        "@ethersproject/abstract-signer": "^5.0.6",
        "@ethersproject/address": "^5.0.5",
        "@ethersproject/bignumber": "^5.0.8",
        "@ethersproject/bytes": "^5.0.4",
        "@ethersproject/keccak256": "^5.0.3",
        "@ethersproject/logger": "^5.0.5",
        "@ethersproject/properties": "^5.0.4",
        "@ethersproject/strings": "^5.0.4"
      }
    },
    "@ethersproject/hdnode": {
      "version": "5.0.5",
      "resolved": "https://registry.npmjs.org/@ethersproject/hdnode/-/hdnode-5.0.5.tgz",
      "integrity": "sha512-Ho4HZaK+KijE5adayvjAGusWMnT0mgwGa5hGMBofBOgX9nqiKf6Wxx68SXBGI1/L3rmKo6mlAjxUd8gefs0teQ==",
      "requires": {
        "@ethersproject/abstract-signer": "^5.0.4",
        "@ethersproject/basex": "^5.0.3",
        "@ethersproject/bignumber": "^5.0.7",
        "@ethersproject/bytes": "^5.0.4",
        "@ethersproject/logger": "^5.0.5",
        "@ethersproject/pbkdf2": "^5.0.3",
        "@ethersproject/properties": "^5.0.3",
        "@ethersproject/sha2": "^5.0.3",
        "@ethersproject/signing-key": "^5.0.4",
        "@ethersproject/strings": "^5.0.4",
        "@ethersproject/transactions": "^5.0.5",
        "@ethersproject/wordlists": "^5.0.4"
      }
    },
    "@ethersproject/json-wallets": {
      "version": "5.0.7",
      "resolved": "https://registry.npmjs.org/@ethersproject/json-wallets/-/json-wallets-5.0.7.tgz",
      "integrity": "sha512-dgOn9JtGgjT28mDXs4LYY2rT4CzS6bG/rxoYuPq3TLHIf6nmvBcr33Fee6RrM/y8UAx4gyIkf6wb2cXsOctvQQ==",
      "requires": {
        "@ethersproject/abstract-signer": "^5.0.4",
        "@ethersproject/address": "^5.0.4",
        "@ethersproject/bytes": "^5.0.4",
        "@ethersproject/hdnode": "^5.0.4",
        "@ethersproject/keccak256": "^5.0.3",
        "@ethersproject/logger": "^5.0.5",
        "@ethersproject/pbkdf2": "^5.0.3",
        "@ethersproject/properties": "^5.0.3",
        "@ethersproject/random": "^5.0.3",
        "@ethersproject/strings": "^5.0.4",
        "@ethersproject/transactions": "^5.0.5",
        "aes-js": "3.0.0",
        "scrypt-js": "3.0.1"
      }
    },
    "@ethersproject/keccak256": {
      "version": "5.0.4",
      "resolved": "https://registry.npmjs.org/@ethersproject/keccak256/-/keccak256-5.0.4.tgz",
      "integrity": "sha512-GNpiOUm9PGUxFNqOxYKDQBM0u68bG9XC9iOulEQ8I0tOx/4qUpgVzvgXL6ugxr0RY554Gz/NQsVqknqPzUcxpQ==",
      "requires": {
        "@ethersproject/bytes": "^5.0.4",
        "js-sha3": "0.5.7"
      }
    },
    "@ethersproject/logger": {
      "version": "5.0.6",
      "resolved": "https://registry.npmjs.org/@ethersproject/logger/-/logger-5.0.6.tgz",
      "integrity": "sha512-FrX0Vnb3JZ1md/7GIZfmJ06XOAA8r3q9Uqt9O5orr4ZiksnbpXKlyDzQtlZ5Yv18RS8CAUbiKH9vwidJg1BPmQ=="
    },
    "@ethersproject/networks": {
      "version": "5.0.4",
      "resolved": "https://registry.npmjs.org/@ethersproject/networks/-/networks-5.0.4.tgz",
      "integrity": "sha512-/wHDTRms5mpJ09BoDrbNdFWINzONe05wZRgohCXvEv39rrH/Gd/yAnct8wC0RsW3tmFOgjgQxuBvypIxuUynTw==",
      "requires": {
        "@ethersproject/logger": "^5.0.5"
      }
    },
    "@ethersproject/pbkdf2": {
      "version": "5.0.4",
      "resolved": "https://registry.npmjs.org/@ethersproject/pbkdf2/-/pbkdf2-5.0.4.tgz",
      "integrity": "sha512-9jVBjHXQKfr9+3bkCg01a8Cd1H9e+7Kw3ZMIvAxD0lZtuzrXsJxm1hVwY9KA+PRUvgS/9tTP4viXQYwLAax7zg==",
      "requires": {
        "@ethersproject/bytes": "^5.0.4",
        "@ethersproject/sha2": "^5.0.3"
      }
    },
    "@ethersproject/properties": {
      "version": "5.0.4",
      "resolved": "https://registry.npmjs.org/@ethersproject/properties/-/properties-5.0.4.tgz",
      "integrity": "sha512-UdyX3GqBxFt15B0uSESdDNmhvEbK3ACdDXl2soshoPcneXuTswHDeA0LoPlnaZzhbgk4p6jqb4GMms5C26Qu6A==",
      "requires": {
        "@ethersproject/logger": "^5.0.5"
      }
    },
    "@ethersproject/providers": {
      "version": "5.0.13",
      "resolved": "https://registry.npmjs.org/@ethersproject/providers/-/providers-5.0.13.tgz",
      "integrity": "sha512-5jsuk1FwXxmoQApGs8LSQyS43KP01pHA+6cQ1OPov5pT5Pcqe6ffh6UD1//BZ9Vjf+5e9AQqIk8w7FkGyROuCA==",
      "requires": {
        "@ethersproject/abstract-provider": "^5.0.4",
        "@ethersproject/abstract-signer": "^5.0.4",
        "@ethersproject/address": "^5.0.4",
        "@ethersproject/basex": "^5.0.3",
        "@ethersproject/bignumber": "^5.0.7",
        "@ethersproject/bytes": "^5.0.4",
        "@ethersproject/constants": "^5.0.4",
        "@ethersproject/hash": "^5.0.4",
        "@ethersproject/logger": "^5.0.5",
        "@ethersproject/networks": "^5.0.3",
        "@ethersproject/properties": "^5.0.3",
        "@ethersproject/random": "^5.0.3",
        "@ethersproject/rlp": "^5.0.3",
        "@ethersproject/sha2": "^5.0.3",
        "@ethersproject/strings": "^5.0.4",
        "@ethersproject/transactions": "^5.0.5",
        "@ethersproject/web": "^5.0.6",
        "bech32": "1.1.4",
        "ws": "7.2.3"
      }
    },
    "@ethersproject/random": {
      "version": "5.0.4",
      "resolved": "https://registry.npmjs.org/@ethersproject/random/-/random-5.0.4.tgz",
      "integrity": "sha512-AIZJhqs6Ba4/+U3lOjt3QZbP6b/kuuGLJUYFUonAgWmkTHwqsCwYnFvnHKQSUuHbXHvErp7WFXFlztx+yMn3kQ==",
      "requires": {
        "@ethersproject/bytes": "^5.0.4",
        "@ethersproject/logger": "^5.0.5"
      }
    },
    "@ethersproject/rlp": {
      "version": "5.0.4",
      "resolved": "https://registry.npmjs.org/@ethersproject/rlp/-/rlp-5.0.4.tgz",
      "integrity": "sha512-5qrrZad7VTjofxSsm7Zg/7Dr4ZOln4S2CqiDdOuTv6MBKnXj0CiBojXyuDy52M8O3wxH0CyE924hXWTDV1PQWQ==",
      "requires": {
        "@ethersproject/bytes": "^5.0.4",
        "@ethersproject/logger": "^5.0.5"
      }
    },
    "@ethersproject/sha2": {
      "version": "5.0.4",
      "resolved": "https://registry.npmjs.org/@ethersproject/sha2/-/sha2-5.0.4.tgz",
      "integrity": "sha512-0yFhf1mspxAfWdXXoPtK94adUeu1R7/FzAa+DfEiZTc76sz/vHXf0LSIazoR3znYKFny6haBxME+usbvvEcF3A==",
      "requires": {
        "@ethersproject/bytes": "^5.0.4",
        "@ethersproject/logger": "^5.0.5",
        "hash.js": "1.1.3"
      }
    },
    "@ethersproject/signing-key": {
      "version": "5.0.5",
      "resolved": "https://registry.npmjs.org/@ethersproject/signing-key/-/signing-key-5.0.5.tgz",
      "integrity": "sha512-Z1wY7JC1HVO4CvQWY2TyTTuAr8xK3bJijZw1a9G92JEmKdv1j255R/0YLBBcFTl2J65LUjtXynNJ2GbArPGi5g==",
      "requires": {
        "@ethersproject/bytes": "^5.0.4",
        "@ethersproject/logger": "^5.0.5",
        "@ethersproject/properties": "^5.0.3",
        "elliptic": "6.5.3"
      }
    },
    "@ethersproject/solidity": {
      "version": "5.0.5",
      "resolved": "https://registry.npmjs.org/@ethersproject/solidity/-/solidity-5.0.5.tgz",
      "integrity": "sha512-DMFQ0ouXmNVoKWbGEUFGi8Urli4SJip9jXafQyFHWPRr5oJUqDVkNfwcyC37k+mhBG93k7qrYXCH2xJnGEOxHg==",
      "requires": {
        "@ethersproject/bignumber": "^5.0.7",
        "@ethersproject/bytes": "^5.0.4",
        "@ethersproject/keccak256": "^5.0.3",
        "@ethersproject/sha2": "^5.0.3",
        "@ethersproject/strings": "^5.0.4"
      }
    },
    "@ethersproject/strings": {
      "version": "5.0.5",
      "resolved": "https://registry.npmjs.org/@ethersproject/strings/-/strings-5.0.5.tgz",
      "integrity": "sha512-JED6WaIV00xM/gvj8vSnd+0VWtDYdidTmavFRCTQakqfz+4tDo6Jz5LHgG+dd45h7ah7ykCHW0C7ZXWEDROCXQ==",
      "requires": {
        "@ethersproject/bytes": "^5.0.4",
        "@ethersproject/constants": "^5.0.4",
        "@ethersproject/logger": "^5.0.5"
      }
    },
    "@ethersproject/transactions": {
      "version": "5.0.6",
      "resolved": "https://registry.npmjs.org/@ethersproject/transactions/-/transactions-5.0.6.tgz",
      "integrity": "sha512-htsFhOD+NMBxx676A8ehSuwVV49iqpSB+CkjPZ02tpNew0K6p8g0CZ46Z1ZP946gIHAU80xQ0NACHYrjIUaCFA==",
      "requires": {
        "@ethersproject/address": "^5.0.4",
        "@ethersproject/bignumber": "^5.0.7",
        "@ethersproject/bytes": "^5.0.4",
        "@ethersproject/constants": "^5.0.4",
        "@ethersproject/keccak256": "^5.0.3",
        "@ethersproject/logger": "^5.0.5",
        "@ethersproject/properties": "^5.0.3",
        "@ethersproject/rlp": "^5.0.3",
        "@ethersproject/signing-key": "^5.0.4"
      }
    },
    "@ethersproject/units": {
      "version": "5.0.6",
      "resolved": "https://registry.npmjs.org/@ethersproject/units/-/units-5.0.6.tgz",
      "integrity": "sha512-tsJuy4mipppdmooukRfhXt8fGx9nxvfvG6Xdy0RDm7LzHsjghjwQ69m2bCpId6SDSR1Uq1cQ9irPiUBSyWolUA==",
      "requires": {
        "@ethersproject/bignumber": "^5.0.7",
        "@ethersproject/constants": "^5.0.4",
        "@ethersproject/logger": "^5.0.5"
      }
    },
    "@ethersproject/wallet": {
      "version": "5.0.6",
      "resolved": "https://registry.npmjs.org/@ethersproject/wallet/-/wallet-5.0.6.tgz",
      "integrity": "sha512-dRqx3+Degc5pvjaeeTHuk2EuTRM3b6ce/TiV0HRZhRXYnKyyjg0iYXEZo/b6p3rnV+Xhwxkc0+I/ISPkNpictA==",
      "requires": {
        "@ethersproject/abstract-provider": "^5.0.4",
        "@ethersproject/abstract-signer": "^5.0.4",
        "@ethersproject/address": "^5.0.4",
        "@ethersproject/bignumber": "^5.0.7",
        "@ethersproject/bytes": "^5.0.4",
        "@ethersproject/hash": "^5.0.4",
        "@ethersproject/hdnode": "^5.0.4",
        "@ethersproject/json-wallets": "^5.0.6",
        "@ethersproject/keccak256": "^5.0.3",
        "@ethersproject/logger": "^5.0.5",
        "@ethersproject/properties": "^5.0.3",
        "@ethersproject/random": "^5.0.3",
        "@ethersproject/signing-key": "^5.0.4",
        "@ethersproject/transactions": "^5.0.5",
        "@ethersproject/wordlists": "^5.0.4"
      }
    },
    "@ethersproject/web": {
      "version": "5.0.9",
      "resolved": "https://registry.npmjs.org/@ethersproject/web/-/web-5.0.9.tgz",
      "integrity": "sha512-//QNlv1MSkOII1hv3+HQwWoiVFS+BMVGI0KYeUww4cyrEktnx1QIez5bTSab9s9fWTFaWKNmQNBwMbxAqPuYDw==",
      "requires": {
        "@ethersproject/base64": "^5.0.3",
        "@ethersproject/bytes": "^5.0.4",
        "@ethersproject/logger": "^5.0.5",
        "@ethersproject/properties": "^5.0.3",
        "@ethersproject/strings": "^5.0.4"
      }
    },
    "@ethersproject/wordlists": {
      "version": "5.0.5",
      "resolved": "https://registry.npmjs.org/@ethersproject/wordlists/-/wordlists-5.0.5.tgz",
      "integrity": "sha512-XA3ycFltVrCTQt04w5nHu3Xq5Z6HjqWsXaAYQHFdqtugyUsIumaO9S5MOwFFuUYTNkZUoT3jCRa/OBS+K4tLfA==",
      "requires": {
        "@ethersproject/bytes": "^5.0.4",
        "@ethersproject/hash": "^5.0.4",
        "@ethersproject/logger": "^5.0.5",
        "@ethersproject/properties": "^5.0.3",
        "@ethersproject/strings": "^5.0.4"
      }
    },
    "aes-js": {
      "version": "3.0.0",
      "resolved": "https://registry.npmjs.org/aes-js/-/aes-js-3.0.0.tgz",
      "integrity": "sha512-H7wUZRn8WpTq9jocdxQ2c8x2sKo9ZVmzfRE13GiNJXfp7NcKYEdvl3vspKjXox6RIG2VtaRe4JFvxG4rqp2Zuw=="
    },
    "bech32": {
      "version": "1.1.4",
      "resolved": "https://registry.npmjs.org/bech32/-/bech32-1.1.4.tgz",
      "integrity": "sha512-s0IrSOzLlbvX7yp4WBfPITzpAU8sqQcpsmwXDiKwrG4r491vwCO/XpejasRNl0piBMe/DvP4Tz0mIS/X1DPJBQ=="
    },
    "bn.js": {
      "version": "4.12.0",
      "resolved": "https://registry.npmjs.org/bn.js/-/bn.js-4.12.0.tgz",
      "integrity": "sha512-c98Bf3tPniI+scsdk237ku1Dc3ujXQTSgyiPUDEOe7tRkhrqridvh8klBv0HCEso1OLOYcHuCv/cS6DNxKH+ZA=="
    },
    "brorand": {
      "version": "1.1.0",
      "resolved": "https://registry.npmjs.org/brorand/-/brorand-1.1.0.tgz",
      "integrity": "sha512-cKV8tMCEpQs4hK/ik71d6LrPOnpkpGBR0wzxqr68g2m/LB2GxVYQroAjMJZRVM1Y4BCjCKc3vAamxSzOY2RP+w=="
    },
    "dotenv": {
      "version": "16.3.1",
      "resolved": "https://registry.npmjs.org/dotenv/-/dotenv-16.3.1.tgz",
      "integrity": "sha512-IPzF4w4/Rd94bA9imS68tZBaYyBWSCE47V1RGuMrB94iyTOIEwRmVL2x/4An+6mETpLrKJ5hQkB8W4kFAadeIQ=="
    },
    "elliptic": {
      "version": "6.5.3",
      "resolved": "https://registry.npmjs.org/elliptic/-/elliptic-6.5.3.tgz",
      "integrity": "sha512-IMqzv5wNQf+E6aHeIqATs0tOLeOTwj1QKbRcS3jBbYkl5oLAserA8yJTT7/VyHUYG91PRmPyeQDObKLPpeS4dw==",
      "requires": {
        "bn.js": "^4.4.0",
        "brorand": "^1.0.1",
        "hash.js": "^1.0.0",
        "hmac-drbg": "^1.0.0",
        "inherits": "^2.0.1",
        "minimalistic-assert": "^1.0.0",
        "minimalistic-crypto-utils": "^1.0.0"
      }
    },
    "ethers": {
      "version": "5.0.18",
      "resolved": "https://registry.npmjs.org/ethers/-/ethers-5.0.18.tgz",
      "integrity": "sha512-WCiKGfAt09hBS1HZspu+JTgeunFcUCVRhCXO8X+VadBJGTRlG722XXib79Vz2oyBperz90CcjkBPdNly61Ah4A==",
      "requires": {
        "@ethersproject/abi": "5.0.7",
        "@ethersproject/abstract-provider": "5.0.5",
        "@ethersproject/abstract-signer": "5.0.7",
        "@ethersproject/address": "5.0.5",
        "@ethersproject/base64": "5.0.4",
        "@ethersproject/basex": "5.0.4",
        "@ethersproject/bignumber": "5.0.8",
        "@ethersproject/bytes": "5.0.5",
        "@ethersproject/constants": "5.0.5",
        "@ethersproject/contracts": "5.0.5",
        "@ethersproject/hash": "5.0.6",
        "@ethersproject/hdnode": "5.0.5",
        "@ethersproject/json-wallets": "5.0.7",
        "@ethersproject/keccak256": "5.0.4",
        "@ethersproject/logger": "5.0.6",
        "@ethersproject/networks": "5.0.4",
        "@ethersproject/pbkdf2": "5.0.4",
        "@ethersproject/properties": "5.0.4",
        "@ethersproject/providers": "5.0.13",
        "@ethersproject/random": "5.0.4",
        "@ethersproject/rlp": "5.0.4",
        "@ethersproject/sha2": "5.0.4",
        "@ethersproject/signing-key": "5.0.5",
        "@ethersproject/solidity": "5.0.5",
        "@ethersproject/strings": "5.0.5",
        "@ethersproject/transactions": "5.0.6",
        "@ethersproject/units": "5.0.6",
        "@ethersproject/wallet": "5.0.6",
        "@ethersproject/web": "5.0.9",
        "@ethersproject/wordlists": "5.0.5"
      }
    },
    "hash.js": {
      "version": "1.1.3",
      "resolved": "https://registry.npmjs.org/hash.js/-/hash.js-1.1.3.tgz",
      "integrity": "sha512-/UETyP0W22QILqS+6HowevwhEFJ3MBJnwTf75Qob9Wz9t0DPuisL8kW8YZMK62dHAKE1c1p+gY1TtOLY+USEHA==",
      "requires": {
        "inherits": "^2.0.3",
        "minimalistic-assert": "^1.0.0"
      }
    },
    "hmac-drbg": {
      "version": "1.0.1",
      "resolved": "https://registry.npmjs.org/hmac-drbg/-/hmac-drbg-1.0.1.tgz",
      "integrity": "sha512-Tti3gMqLdZfhOQY1Mzf/AanLiqh1WTiJgEj26ZuYQ9fbkLomzGchCws4FyrSd4VkpBfiNhaE1On+lOz894jvXg==",
      "requires": {
        "hash.js": "^1.0.3",
        "minimalistic-assert": "^1.0.0",
        "minimalistic-crypto-utils": "^1.0.1"
      }
    },
    "inherits": {
      "version": "2.0.4",
      "resolved": "https://registry.npmjs.org/inherits/-/inherits-2.0.4.tgz",
      "integrity": "sha512-k/vGaX4/Yla3WzyMCvTQOXYeIHvqOKtnqBduzTHpzpQZzAskKMhZ2K+EnBiSM9zGSoIFeMpXKxa4dYeZIQqewQ=="
    },
    "js-sha3": {
      "version": "0.5.7",
      "resolved": "https://registry.npmjs.org/js-sha3/-/js-sha3-0.5.7.tgz",
      "integrity": "sha512-GII20kjaPX0zJ8wzkTbNDYMY7msuZcTWk8S5UOh6806Jq/wz1J8/bnr8uGU0DAUmYDjj2Mr4X1cW8v/GLYnR+g=="
    },
    "minimalistic-assert": {
      "version": "1.0.1",
      "resolved": "https://registry.npmjs.org/minimalistic-assert/-/minimalistic-assert-1.0.1.tgz",
      "integrity": "sha512-UtJcAD4yEaGtjPezWuO9wC4nwUnVH/8/Im3yEHQP4b67cXlD/Qr9hdITCU1xDbSEXg2XKNaP8jsReV7vQd00/A=="
    },
    "minimalistic-crypto-utils": {
      "version": "1.0.1",
      "resolved": "https://registry.npmjs.org/minimalistic-crypto-utils/-/minimalistic-crypto-utils-1.0.1.tgz",
      "integrity": "sha512-JIYlbt6g8i5jKfJ3xz7rF0LXmv2TkDxBLUkiBeZ7bAx4GnnNMr8xFpGnOxn6GhTEHx3SjRrZEoU+j04prX1ktg=="
    },
    "scrypt-js": {
      "version": "3.0.1",
      "resolved": "https://registry.npmjs.org/scrypt-js/-/scrypt-js-3.0.1.tgz",
      "integrity": "sha512-cdwTTnqPu0Hyvf5in5asVdZocVDTNRmR7XEcJuIzMjJeSHybHl7vpB66AzwTaIg6CLSbtjcxc8fqcySfnTkccA=="
    },
    "ws": {
      "version": "7.2.3",
      "resolved": "https://registry.npmjs.org/ws/-/ws-7.2.3.tgz",
      "integrity": "sha512-HTDl9G9hbkNDk98naoR/cHDws7+EyYMOdL1BmjsZXRUjf7d+MficC4B7HLUPlSiho0vg+CWKrGIt/VJBd1xunQ==",
      "requires": {}
    }
  }
}
